
Microsoft Visual Studio Solution File, Format Version 12.00
# Visual Studio Version 16
VisualStudioVersion = 16.0.30517.126
MinimumVisualStudioVersion = 10.0.40219.1
Project("{FAE04EC0-301F-11D3-BF4B-00C04F79EFBC}") = "Game", "Game.csproj", "{B8D8B9E6-97D2-4F4D-A22D-3AAD3B4D487C}"
EndProject
Global
	GlobalSection(SolutionConfigurationPlatforms) = preSolution
		Debug|Any CPU = Debug|Any CPU
		Release|Any CPU = Release|Any CPU
	EndGlobalSection
	GlobalSection(ProjectConfigurationPlatforms) = postSolution
		{B8D8B9E6-97D2-4F4D-A22D-3AAD3B4D487C}.Debug|Any CPU.ActiveCfg = Debug|Any CPU
		{B8D8B9E6-97D2-4F4D-A22D-3AAD3B4D487C}.Debug|Any CPU.Build.0 = Debug|Any CPU
		{B8D8B9E6-97D2-4F4D-A22D-3AAD3B4D487C}.Release|Any CPU.ActiveCfg = Release|Any CPU
		{B8D8B9E6-97D2-4F4D-A22D-3AAD3B4D487C}.Release|Any CPU.Build.0 = Release|Any CPU
	EndGlobalSection
	GlobalSection(SolutionProperties) = preSolution
		HideSolutionNode = FALSE
	EndGlobalSection
	GlobalSection(ExtensibilityGlobals) = postSolution
		SolutionGuid = {056347CE-06BC-4FB9-A8E9-1B546F686D6E}
	EndGlobalSection
EndGlobal
