
Microsoft Visual Studio Solution File, Format Version 12.00
# Visual Studio Version 16
VisualStudioVersion = 16.0.30517.126
MinimumVisualStudioVersion = 10.0.40219.1
Project("{FAE04EC0-301F-11D3-BF4B-00C04F79EFBC}") = "WorkersPrj", "WorkersPrj.csproj", "{F7397781-920F-4041-B4BA-172174A57D6A}"
EndProject
Global
	GlobalSection(SolutionConfigurationPlatforms) = preSolution
		Debug|Any CPU = Debug|Any CPU
		Release|Any CPU = Release|Any CPU
	EndGlobalSection
	GlobalSection(ProjectConfigurationPlatforms) = postSolution
		{F7397781-920F-4041-B4BA-172174A57D6A}.Debug|Any CPU.ActiveCfg = Debug|Any CPU
		{F7397781-920F-4041-B4BA-172174A57D6A}.Debug|Any CPU.Build.0 = Debug|Any CPU
		{F7397781-920F-4041-B4BA-172174A57D6A}.Release|Any CPU.ActiveCfg = Release|Any CPU
		{F7397781-920F-4041-B4BA-172174A57D6A}.Release|Any CPU.Build.0 = Release|Any CPU
	EndGlobalSection
	GlobalSection(SolutionProperties) = preSolution
		HideSolutionNode = FALSE
	EndGlobalSection
	GlobalSection(ExtensibilityGlobals) = postSolution
		SolutionGuid = {FECBB304-C378-4EF5-BD3A-CDFFBE4B31CC}
	EndGlobalSection
EndGlobal
